
Microsoft Visual Studio Solution File, Format Version 12.00
# Visual Studio 15
VisualStudioVersion = 15.0.33801.198
MinimumVisualStudioVersion = 10.0.40219.1
Project("{8BC9CEB8-8B4A-11D0-8D11-00A0C91BC942}") = "cpython", "cpython\cpython.vcxproj", "{FE16AD52-1062-4A9E-91AF-8969499AC509}"
EndProject
Global
	GlobalSection(SolutionConfigurationPlatforms) = preSolution
		Debug|x64 = Debug|x64
		Debug|x86 = Debug|x86
		Release|x64 = Release|x64
		Release|x86 = Release|x86
	EndGlobalSection
	GlobalSection(ProjectConfigurationPlatforms) = postSolution
		{FE16AD52-1062-4A9E-91AF-8969499AC509}.Debug|x64.ActiveCfg = Debug|x64
		{FE16AD52-1062-4A9E-91AF-8969499AC509}.Debug|x64.Build.0 = Debug|x64
		{FE16AD52-1062-4A9E-91AF-8969499AC509}.Debug|x86.ActiveCfg = Debug|Win32
		{FE16AD52-1062-4A9E-91AF-8969499AC509}.Debug|x86.Build.0 = Debug|Win32
		{FE16AD52-1062-4A9E-91AF-8969499AC509}.Release|x64.ActiveCfg = Release|x64
		{FE16AD52-1062-4A9E-91AF-8969499AC509}.Release|x64.Build.0 = Release|x64
		{FE16AD52-1062-4A9E-91AF-8969499AC509}.Release|x86.ActiveCfg = Release|Win32
		{FE16AD52-1062-4A9E-91AF-8969499AC509}.Release|x86.Build.0 = Release|Win32
	EndGlobalSection
	GlobalSection(SolutionProperties) = preSolution
		HideSolutionNode = FALSE
	EndGlobalSection
	GlobalSection(ExtensibilityGlobals) = postSolution
		SolutionGuid = {9240C9E1-5B30-4131-A03E-A283C793CDA3}
	EndGlobalSection
EndGlobal
